
Microsoft Visual Studio Solution File, Format Version 12.00
# Visual Studio 15
VisualStudioVersion = 15.0.27703.2026
MinimumVisualStudioVersion = 10.0.40219.1
Project("{9A19103F-16F7-4668-BE54-9A1E7A4F7556}") = "IdentityServer4.Contrib.LiteDB", "IdentityServer4.Contrib.LiteDB\IdentityServer4.Contrib.LiteDB.csproj", "{971EE958-EA64-4596-B087-3D5B9FE7635D}"
EndProject
Project("{9A19103F-16F7-4668-BE54-9A1E7A4F7556}") = "IdentityServer4.LiteDB.Tests", "IdentityServer4.LiteDB.Tests\IdentityServer4.LiteDB.Tests.csproj", "{2B81B99F-571E-4911-94D0-EDDA07E869D8}"
EndProject
Project("{2150E333-8FDC-42A3-9474-1A3956D46DE8}") = "src", "src", "{18620D32-A85C-40DA-951E-BF2922409B35}"
EndProject
Project("{2150E333-8FDC-42A3-9474-1A3956D46DE8}") = "tests", "tests", "{47F5CDAC-1CAA-47D2-897A-BBAA40EA2595}"
EndProject
Project("{2150E333-8FDC-42A3-9474-1A3956D46DE8}") = "Host", "Host", "{5A6F0F2B-9FB0-4BC4-A2E9-0D00978D2627}"
EndProject
Project("{9A19103F-16F7-4668-BE54-9A1E7A4F7556}") = "PagesWebApp", "PagesWebApp\PagesWebApp.csproj", "{C95CEAE7-1C33-4E26-8BAA-1385DB9F8F2D}"
EndProject
Project("{2150E333-8FDC-42A3-9474-1A3956D46DE8}") = "build", "build", "{BD8AF3AB-4E45-4CAF-B770-8B3A493BDA9A}"
	ProjectSection(SolutionItems) = preProject
		..\appveyor.yml = ..\appveyor.yml
	EndProjectSection
EndProject
Project("{FAE04EC0-301F-11D3-BF4B-00C04F79EFBC}") = "IdentityServer4.OperationalStore.CoreTests", "IdentityServer4.OperationalStore.CoreTests\IdentityServer4.OperationalStore.CoreTests.csproj", "{F4F776D3-6A05-40CE-BB21-57828EFF68CD}"
EndProject
Global
	GlobalSection(SolutionConfigurationPlatforms) = preSolution
		Debug|Any CPU = Debug|Any CPU
		Release|Any CPU = Release|Any CPU
	EndGlobalSection
	GlobalSection(ProjectConfigurationPlatforms) = postSolution
		{971EE958-EA64-4596-B087-3D5B9FE7635D}.Debug|Any CPU.ActiveCfg = Debug|Any CPU
		{971EE958-EA64-4596-B087-3D5B9FE7635D}.Debug|Any CPU.Build.0 = Debug|Any CPU
		{971EE958-EA64-4596-B087-3D5B9FE7635D}.Release|Any CPU.ActiveCfg = Release|Any CPU
		{971EE958-EA64-4596-B087-3D5B9FE7635D}.Release|Any CPU.Build.0 = Release|Any CPU
		{2B81B99F-571E-4911-94D0-EDDA07E869D8}.Debug|Any CPU.ActiveCfg = Debug|Any CPU
		{2B81B99F-571E-4911-94D0-EDDA07E869D8}.Debug|Any CPU.Build.0 = Debug|Any CPU
		{2B81B99F-571E-4911-94D0-EDDA07E869D8}.Release|Any CPU.ActiveCfg = Release|Any CPU
		{2B81B99F-571E-4911-94D0-EDDA07E869D8}.Release|Any CPU.Build.0 = Release|Any CPU
		{C95CEAE7-1C33-4E26-8BAA-1385DB9F8F2D}.Debug|Any CPU.ActiveCfg = Debug|Any CPU
		{C95CEAE7-1C33-4E26-8BAA-1385DB9F8F2D}.Debug|Any CPU.Build.0 = Debug|Any CPU
		{C95CEAE7-1C33-4E26-8BAA-1385DB9F8F2D}.Release|Any CPU.ActiveCfg = Release|Any CPU
		{C95CEAE7-1C33-4E26-8BAA-1385DB9F8F2D}.Release|Any CPU.Build.0 = Release|Any CPU
		{F4F776D3-6A05-40CE-BB21-57828EFF68CD}.Debug|Any CPU.ActiveCfg = Debug|Any CPU
		{F4F776D3-6A05-40CE-BB21-57828EFF68CD}.Debug|Any CPU.Build.0 = Debug|Any CPU
		{F4F776D3-6A05-40CE-BB21-57828EFF68CD}.Release|Any CPU.ActiveCfg = Release|Any CPU
		{F4F776D3-6A05-40CE-BB21-57828EFF68CD}.Release|Any CPU.Build.0 = Release|Any CPU
	EndGlobalSection
	GlobalSection(SolutionProperties) = preSolution
		HideSolutionNode = FALSE
	EndGlobalSection
	GlobalSection(NestedProjects) = preSolution
		{971EE958-EA64-4596-B087-3D5B9FE7635D} = {18620D32-A85C-40DA-951E-BF2922409B35}
		{2B81B99F-571E-4911-94D0-EDDA07E869D8} = {47F5CDAC-1CAA-47D2-897A-BBAA40EA2595}
		{5A6F0F2B-9FB0-4BC4-A2E9-0D00978D2627} = {18620D32-A85C-40DA-951E-BF2922409B35}
		{C95CEAE7-1C33-4E26-8BAA-1385DB9F8F2D} = {5A6F0F2B-9FB0-4BC4-A2E9-0D00978D2627}
		{F4F776D3-6A05-40CE-BB21-57828EFF68CD} = {47F5CDAC-1CAA-47D2-897A-BBAA40EA2595}
	EndGlobalSection
	GlobalSection(ExtensibilityGlobals) = postSolution
		SolutionGuid = {13506A25-22A2-4D24-89D0-0AF54DF985E1}
	EndGlobalSection
EndGlobal
